{
  "name": "dwg2dxf-jww",
  "version": "1.0.0",
  "lockfileVersion": 3,
  "requires": true,
  "packages": {
    "": {
      "name": "dwg2dxf-jww",
      "version": "1.0.0",
      "license": "GPL-3.0-or-later",
      "dependencies": {
        "@mlightcad/libredwg-web": "0.7.14",
        "earcut": "3.2.4"
      },
      "bin": {
        "dwg2dxf-jww": "scripts/cli.mjs"
      },
      "engines": {
        "node": ">=20"
      }
    },
    "node_modules/@mlightcad/libredwg-web": {
      "version": "0.7.14",
      "resolved": "https://registry.npmjs.org/@mlightcad/libredwg-web/-/libredwg-web-0.7.14.tgz",
      "integrity": "sha512-5zuTw+x5o/qj9czjkcf2o3PWuh8v+XEEFM9ZEMEhVRaJySZ6+C7Ua6y6hyGcwJ3WfmXhWAHEdVYsKtx4XAlvfA==",
      "license": "GPL-3.0",
      "engines": {
        "node": ">=20"
      }
    },
    "node_modules/earcut": {
      "version": "3.2.4",
      "resolved": "https://registry.npmjs.org/earcut/-/earcut-3.2.4.tgz",
      "integrity": "sha512-FHc6yNpnTORB0tM5kmZ03iD2mDuNakDE2lvf4Hw1XkfxtEHIGVi01B/GqUSwx+NcC1WGjidAfpTXzeALtPtfpg==",
      "license": "ISC"
    }
  }
}
